{
  "originHash" : "05ebc4034c72822748df7a76b2dd73bd1b06715ac28e93b059a112e6ca8a47b3",
  "pins" : [
    {
      "identity" : "forwarding",
      "kind" : "remoteSourceControl",
      "location" : "https://github.com/DavidSkrundz/Forwarding.git",
      "state" : {
        "revision" : "ac91971318f1332e253bc5cc23ab296c6792d4f7",
        "version" : "1.0.0"
      }
    },
    {
      "identity" : "swift-syntax",
      "kind" : "remoteSourceControl",
      "location" : "https://github.com/apple/swift-syntax.git",
      "state" : {
        "revision" : "0687f71944021d616d34d922343dcef086855920",
        "version" : "600.0.1"
      }
    },
    {
      "identity" : "syntaxeditor",
      "kind" : "remoteSourceControl",
      "location" : "https://github.com/DavidSkrundz/SyntaxEditor",
      "state" : {
        "revision" : "e6c46acb58e6b981bd1a820101119801f33c0d82",
        "version" : "1.0.0"
      }
    }
  ],
  "version" : 3
}
